
Microsoft Visual Studio Solution File, Format Version 12.00
# Visual Studio 2013
VisualStudioVersion = 12.0.21005.1
MinimumVisualStudioVersion = 10.0.40219.1
Project("{8BC9CEB8-8B4A-11D0-8D11-00A0C91BC942}") = "PokedexMain", "Pokedex\PokedexMain\PokedexMain.vcxproj", "{02C8A6F2-04AC-477A-98F7-531067123878}"
EndProject
Project("{8BC9CEB8-8B4A-11D0-8D11-00A0C91BC942}") = "Pokedex", "Pokedex\PokedexMain\Pokedex\Pokedex.vcxproj", "{3818FA4C-3AF6-4FEB-B782-AEAFB8A710C0}"
EndProject
Project("{8BC9CEB8-8B4A-11D0-8D11-00A0C91BC942}") = "PokedexTest", "Pokedex\PokedexTest\PokedexTest.vcxproj", "{221B8836-291E-4E22-972A-1453B1932052}"
EndProject
Global
	GlobalSection(SolutionConfigurationPlatforms) = preSolution
		Debug|Win32 = Debug|Win32
		Release|Win32 = Release|Win32
	EndGlobalSection
	GlobalSection(ProjectConfigurationPlatforms) = postSolution
		{02C8A6F2-04AC-477A-98F7-531067123878}.Debug|Win32.ActiveCfg = Debug|Win32
		{02C8A6F2-04AC-477A-98F7-531067123878}.Debug|Win32.Build.0 = Debug|Win32
		{02C8A6F2-04AC-477A-98F7-531067123878}.Release|Win32.ActiveCfg = Release|Win32
		{02C8A6F2-04AC-477A-98F7-531067123878}.Release|Win32.Build.0 = Release|Win32
		{3818FA4C-3AF6-4FEB-B782-AEAFB8A710C0}.Debug|Win32.ActiveCfg = Debug|Win32
		{3818FA4C-3AF6-4FEB-B782-AEAFB8A710C0}.Debug|Win32.Build.0 = Debug|Win32
		{3818FA4C-3AF6-4FEB-B782-AEAFB8A710C0}.Release|Win32.ActiveCfg = Release|Win32
		{3818FA4C-3AF6-4FEB-B782-AEAFB8A710C0}.Release|Win32.Build.0 = Release|Win32
		{221B8836-291E-4E22-972A-1453B1932052}.Debug|Win32.ActiveCfg = Debug|Win32
		{221B8836-291E-4E22-972A-1453B1932052}.Debug|Win32.Build.0 = Debug|Win32
		{221B8836-291E-4E22-972A-1453B1932052}.Release|Win32.ActiveCfg = Release|Win32
		{221B8836-291E-4E22-972A-1453B1932052}.Release|Win32.Build.0 = Release|Win32
	EndGlobalSection
	GlobalSection(SolutionProperties) = preSolution
		HideSolutionNode = FALSE
	EndGlobalSection
EndGlobal
